
Microsoft Visual Studio Solution File, Format Version 12.00
# Visual Studio Version 16
VisualStudioVersion = 16.0.30907.101
MinimumVisualStudioVersion = 10.0.40219.1
Project("{FAE04EC0-301F-11D3-BF4B-00C04F79EFBC}") = "ConsoleApp7", "ConsoleApp7\ConsoleApp7.csproj", "{816ABD74-7C63-4EF0-96B0-81E9D7C1D865}"
EndProject
Global
	GlobalSection(SolutionConfigurationPlatforms) = preSolution
		Debug|Any CPU = Debug|Any CPU
		Release|Any CPU = Release|Any CPU
	EndGlobalSection
	GlobalSection(ProjectConfigurationPlatforms) = postSolution
		{816ABD74-7C63-4EF0-96B0-81E9D7C1D865}.Debug|Any CPU.ActiveCfg = Debug|Any CPU
		{816ABD74-7C63-4EF0-96B0-81E9D7C1D865}.Debug|Any CPU.Build.0 = Debug|Any CPU
		{816ABD74-7C63-4EF0-96B0-81E9D7C1D865}.Release|Any CPU.ActiveCfg = Release|Any CPU
		{816ABD74-7C63-4EF0-96B0-81E9D7C1D865}.Release|Any CPU.Build.0 = Release|Any CPU
	EndGlobalSection
	GlobalSection(SolutionProperties) = preSolution
		HideSolutionNode = FALSE
	EndGlobalSection
	GlobalSection(ExtensibilityGlobals) = postSolution
		SolutionGuid = {37843426-D505-4BF6-8D97-52CE8261DF30}
	EndGlobalSection
EndGlobal
